// !$*UTF8*$!
{
	archiveVersion = 1;
	classes = {
	};
	objectVersion = 56;
	objects = {

/* Begin PBXBuildFile section */
		09319A062A384FC200856CA5 /* Stinsen in Frameworks */ = {isa = PBXBuildFile; productRef = 09319A052A384FC200856CA5 /* Stinsen */; };
		09319A092A3852B500856CA5 /* ArrayExtension.swift in Sources */ = {isa = PBXBuildFile; fileRef = 09319A082A3852B500856CA5 /* ArrayExtension.swift */; };
		09319A0C2A389C5800856CA5 /* SharedObject in Frameworks */ = {isa = PBXBuildFile; productRef = 09319A0B2A389C5800856CA5 /* SharedObject */; };
		09319A0F2A39D2E900856CA5 /* RouteType.swift in Sources */ = {isa = PBXBuildFile; fileRef = 09319A0E2A39D2E900856CA5 /* RouteType.swift */; };
		09319A112A39D31C00856CA5 /* Screen.swift in Sources */ = {isa = PBXBuildFile; fileRef = 09319A102A39D31C00856CA5 /* Screen.swift */; };
		09319A132A39D34D00856CA5 /* Route.swift in Sources */ = {isa = PBXBuildFile; fileRef = 09319A122A39D34D00856CA5 /* Route.swift */; };
		09319A152A39D3BC00856CA5 /* NavigationCoordinator.swift in Sources */ = {isa = PBXBuildFile; fileRef = 09319A142A39D3BC00856CA5 /* NavigationCoordinator.swift */; };
		09319A182A39D5D600856CA5 /* Coordinator.swift in Sources */ = {isa = PBXBuildFile; fileRef = 09319A172A39D5D600856CA5 /* Coordinator.swift */; };
		09319A1B2A39DD5A00856CA5 /* NavigationCoordinatorViewWrapper.swift in Sources */ = {isa = PBXBuildFile; fileRef = 09319A1A2A39DD5A00856CA5 /* NavigationCoordinatorViewWrapper.swift */; };
		096234D52A52E9B4006B1715 /* PresentationCoordinator.swift in Sources */ = {isa = PBXBuildFile; fileRef = 096234D42A52E9B4006B1715 /* PresentationCoordinator.swift */; };
		096234D82A52F129006B1715 /* PresentationCoordinatorViewWrapper.swift in Sources */ = {isa = PBXBuildFile; fileRef = 096234D72A52F129006B1715 /* PresentationCoordinatorViewWrapper.swift */; };
		096234DA2A52F1B3006B1715 /* PresentationRouter.swift in Sources */ = {isa = PBXBuildFile; fileRef = 096234D92A52F1B3006B1715 /* PresentationRouter.swift */; };
		096234DC2A52F469006B1715 /* PresentationCoordinatorHelper.swift in Sources */ = {isa = PBXBuildFile; fileRef = 096234DB2A52F469006B1715 /* PresentationCoordinatorHelper.swift */; };
		09906A7F2A0A59F000F27FB4 /* NavigationCoordinatorHelper.swift in Sources */ = {isa = PBXBuildFile; fileRef = 09906A7E2A0A59F000F27FB4 /* NavigationCoordinatorHelper.swift */; };
		09906A812A0A5A0500F27FB4 /* Routeable.swift in Sources */ = {isa = PBXBuildFile; fileRef = 09906A802A0A5A0400F27FB4 /* Routeable.swift */; };
		09906A832A0A5A4500F27FB4 /* NavigationRouter.swift in Sources */ = {isa = PBXBuildFile; fileRef = 09906A822A0A5A4500F27FB4 /* NavigationRouter.swift */; };
		0995791A29FA702900029662 /* NavigationApp.swift in Sources */ = {isa = PBXBuildFile; fileRef = 0995791929FA702900029662 /* NavigationApp.swift */; };
		0995792029FA702A00029662 /* Assets.xcassets in Resources */ = {isa = PBXBuildFile; fileRef = 0995791F29FA702A00029662 /* Assets.xcassets */; };
		0995792329FA702A00029662 /* Preview Assets.xcassets in Resources */ = {isa = PBXBuildFile; fileRef = 0995792229FA702A00029662 /* Preview Assets.xcassets */; };
		0995792B29FA70DF00029662 /* AppDelegate.swift in Sources */ = {isa = PBXBuildFile; fileRef = 0995792A29FA70DF00029662 /* AppDelegate.swift */; };
		0995792D29FA719D00029662 /* LoginView.swift in Sources */ = {isa = PBXBuildFile; fileRef = 0995792C29FA719D00029662 /* LoginView.swift */; };
		0995792F29FA733300029662 /* RegistrationView.swift in Sources */ = {isa = PBXBuildFile; fileRef = 0995792E29FA733300029662 /* RegistrationView.swift */; };
		09B3A03029FAB261007BF934 /* Context.swift in Sources */ = {isa = PBXBuildFile; fileRef = 09B3A02F29FAB261007BF934 /* Context.swift */; };
		09BD8DA92A012A000066BF6D /* Tree.swift in Sources */ = {isa = PBXBuildFile; fileRef = 09BD8DA82A012A000066BF6D /* Tree.swift */; };
		09D0BA762A4C3C58001C1A1F /* Typealiases.swift in Sources */ = {isa = PBXBuildFile; fileRef = 09D0BA752A4C3C58001C1A1F /* Typealiases.swift */; };
		09F4C0B929FA7FC200081AC4 /* HomeView.swift in Sources */ = {isa = PBXBuildFile; fileRef = 09F4C0B829FA7FC200081AC4 /* HomeView.swift */; };
/* End PBXBuildFile section */

/* Begin PBXFileReference section */
		09319A082A3852B500856CA5 /* ArrayExtension.swift */ = {isa = PBXFileReference; lastKnownFileType = sourcecode.swift; path = ArrayExtension.swift; sourceTree = "<group>"; };
		09319A0E2A39D2E900856CA5 /* RouteType.swift */ = {isa = PBXFileReference; lastKnownFileType = sourcecode.swift; path = RouteType.swift; sourceTree = "<group>"; };
		09319A102A39D31C00856CA5 /* Screen.swift */ = {isa = PBXFileReference; lastKnownFileType = sourcecode.swift; path = Screen.swift; sourceTree = "<group>"; };
		09319A122A39D34D00856CA5 /* Route.swift */ = {isa = PBXFileReference; lastKnownFileType = sourcecode.swift; path = Route.swift; sourceTree = "<group>"; };
		09319A142A39D3BC00856CA5 /* NavigationCoordinator.swift */ = {isa = PBXFileReference; lastKnownFileType = sourcecode.swift; path = NavigationCoordinator.swift; sourceTree = "<group>"; };
		09319A172A39D5D600856CA5 /* Coordinator.swift */ = {isa = PBXFileReference; lastKnownFileType = sourcecode.swift; path = Coordinator.swift; sourceTree = "<group>"; };
		09319A1A2A39DD5A00856CA5 /* NavigationCoordinatorViewWrapper.swift */ = {isa = PBXFileReference; lastKnownFileType = sourcecode.swift; path = NavigationCoordinatorViewWrapper.swift; sourceTree = "<group>"; };
		096234D42A52E9B4006B1715 /* PresentationCoordinator.swift */ = {isa = PBXFileReference; lastKnownFileType = sourcecode.swift; path = PresentationCoordinator.swift; sourceTree = "<group>"; };
		096234D72A52F129006B1715 /* PresentationCoordinatorViewWrapper.swift */ = {isa = PBXFileReference; lastKnownFileType = sourcecode.swift; path = PresentationCoordinatorViewWrapper.swift; sourceTree = "<group>"; };
		096234D92A52F1B3006B1715 /* PresentationRouter.swift */ = {isa = PBXFileReference; lastKnownFileType = sourcecode.swift; path = PresentationRouter.swift; sourceTree = "<group>"; };
		096234DB2A52F469006B1715 /* PresentationCoordinatorHelper.swift */ = {isa = PBXFileReference; lastKnownFileType = sourcecode.swift; path = PresentationCoordinatorHelper.swift; sourceTree = "<group>"; };
		09906A7E2A0A59F000F27FB4 /* NavigationCoordinatorHelper.swift */ = {isa = PBXFileReference; lastKnownFileType = sourcecode.swift; path = NavigationCoordinatorHelper.swift; sourceTree = "<group>"; };
		09906A802A0A5A0400F27FB4 /* Routeable.swift */ = {isa = PBXFileReference; lastKnownFileType = sourcecode.swift; path = Routeable.swift; sourceTree = "<group>"; };
		09906A822A0A5A4500F27FB4 /* NavigationRouter.swift */ = {isa = PBXFileReference; lastKnownFileType = sourcecode.swift; path = NavigationRouter.swift; sourceTree = "<group>"; };
		0995791629FA702900029662 /* NavigationApp.app */ = {isa = PBXFileReference; explicitFileType = wrapper.application; includeInIndex = 0; path = NavigationApp.app; sourceTree = BUILT_PRODUCTS_DIR; };
		0995791929FA702900029662 /* NavigationApp.swift */ = {isa = PBXFileReference; lastKnownFileType = sourcecode.swift; path = NavigationApp.swift; sourceTree = "<group>"; };
		0995791F29FA702A00029662 /* Assets.xcassets */ = {isa = PBXFileReference; lastKnownFileType = folder.assetcatalog; path = Assets.xcassets; sourceTree = "<group>"; };
		0995792229FA702A00029662 /* Preview Assets.xcassets */ = {isa = PBXFileReference; lastKnownFileType = folder.assetcatalog; path = "Preview Assets.xcassets"; sourceTree = "<group>"; };
		0995792429FA702A00029662 /* Info.plist */ = {isa = PBXFileReference; lastKnownFileType = text.plist.xml; path = Info.plist; sourceTree = "<group>"; };
		0995792A29FA70DF00029662 /* AppDelegate.swift */ = {isa = PBXFileReference; lastKnownFileType = sourcecode.swift; path = AppDelegate.swift; sourceTree = "<group>"; };
		0995792C29FA719D00029662 /* LoginView.swift */ = {isa = PBXFileReference; lastKnownFileType = sourcecode.swift; path = LoginView.swift; sourceTree = "<group>"; };
		0995792E29FA733300029662 /* RegistrationView.swift */ = {isa = PBXFileReference; lastKnownFileType = sourcecode.swift; path = RegistrationView.swift; sourceTree = "<group>"; };
		09B3A02F29FAB261007BF934 /* Context.swift */ = {isa = PBXFileReference; lastKnownFileType = sourcecode.swift; path = Context.swift; sourceTree = "<group>"; };
		09BD8DA82A012A000066BF6D /* Tree.swift */ = {isa = PBXFileReference; lastKnownFileType = sourcecode.swift; path = Tree.swift; sourceTree = "<group>"; };
		09D0BA752A4C3C58001C1A1F /* Typealiases.swift */ = {isa = PBXFileReference; lastKnownFileType = sourcecode.swift; path = Typealiases.swift; sourceTree = "<group>"; };
		09F4C0B829FA7FC200081AC4 /* HomeView.swift */ = {isa = PBXFileReference; lastKnownFileType = sourcecode.swift; path = HomeView.swift; sourceTree = "<group>"; };
/* End PBXFileReference section */

/* Begin PBXFrameworksBuildPhase section */
		0995791329FA702900029662 /* Frameworks */ = {
			isa = PBXFrameworksBuildPhase;
			buildActionMask = 2147483647;
			files = (
				09319A0C2A389C5800856CA5 /* SharedObject in Frameworks */,
				09319A062A384FC200856CA5 /* Stinsen in Frameworks */,
			);
			runOnlyForDeploymentPostprocessing = 0;
		};
/* End PBXFrameworksBuildPhase section */

/* Begin PBXGroup section */
		09319A072A3852AD00856CA5 /* Helpers */ = {
			isa = PBXGroup;
			children = (
				09319A082A3852B500856CA5 /* ArrayExtension.swift */,
				09D0BA752A4C3C58001C1A1F /* Typealiases.swift */,
			);
			path = Helpers;
			sourceTree = "<group>";
		};
		09319A0D2A39D2DA00856CA5 /* Coordinator */ = {
			isa = PBXGroup;
			children = (
				096234D62A52E9B8006B1715 /* Presentation */,
				09319A162A39D59300856CA5 /* Navigation */,
				09319A122A39D34D00856CA5 /* Route.swift */,
				09319A0E2A39D2E900856CA5 /* RouteType.swift */,
				09319A102A39D31C00856CA5 /* Screen.swift */,
				09319A172A39D5D600856CA5 /* Coordinator.swift */,
			);
			path = Coordinator;
			sourceTree = "<group>";
		};
		09319A162A39D59300856CA5 /* Navigation */ = {
			isa = PBXGroup;
			children = (
				09319A142A39D3BC00856CA5 /* NavigationCoordinator.swift */,
				09906A7E2A0A59F000F27FB4 /* NavigationCoordinatorHelper.swift */,
				09319A1A2A39DD5A00856CA5 /* NavigationCoordinatorViewWrapper.swift */,
				09906A822A0A5A4500F27FB4 /* NavigationRouter.swift */,
			);
			path = Navigation;
			sourceTree = "<group>";
		};
		096234D62A52E9B8006B1715 /* Presentation */ = {
			isa = PBXGroup;
			children = (
				096234D42A52E9B4006B1715 /* PresentationCoordinator.swift */,
				096234DB2A52F469006B1715 /* PresentationCoordinatorHelper.swift */,
				096234D72A52F129006B1715 /* PresentationCoordinatorViewWrapper.swift */,
				096234D92A52F1B3006B1715 /* PresentationRouter.swift */,
			);
			path = Presentation;
			sourceTree = "<group>";
		};
		0995790D29FA702900029662 = {
			isa = PBXGroup;
			children = (
				0995791829FA702900029662 /* NavigationApp */,
				0995791729FA702900029662 /* Products */,
			);
			sourceTree = "<group>";
		};
		0995791729FA702900029662 /* Products */ = {
			isa = PBXGroup;
			children = (
				0995791629FA702900029662 /* NavigationApp.app */,
			);
			name = Products;
			sourceTree = "<group>";
		};
		0995791829FA702900029662 /* NavigationApp */ = {
			isa = PBXGroup;
			children = (
				0995792129FA702A00029662 /* Preview Content */,
				0995792429FA702A00029662 /* Info.plist */,
				0995791F29FA702A00029662 /* Assets.xcassets */,
				09319A072A3852AD00856CA5 /* Helpers */,
				09B3A02E29FAB252007BF934 /* Navigation */,
				09319A0D2A39D2DA00856CA5 /* Coordinator */,
				09B3A03129FAC18F007BF934 /* Screens */,
				0995792A29FA70DF00029662 /* AppDelegate.swift */,
				0995791929FA702900029662 /* NavigationApp.swift */,
			);
			path = NavigationApp;
			sourceTree = "<group>";
		};
		0995792129FA702A00029662 /* Preview Content */ = {
			isa = PBXGroup;
			children = (
				0995792229FA702A00029662 /* Preview Assets.xcassets */,
			);
			path = "Preview Content";
			sourceTree = "<group>";
		};
		09B3A02E29FAB252007BF934 /* Navigation */ = {
			isa = PBXGroup;
			children = (
				09B3A02F29FAB261007BF934 /* Context.swift */,
				09BD8DA82A012A000066BF6D /* Tree.swift */,
				09906A802A0A5A0400F27FB4 /* Routeable.swift */,
			);
			path = Navigation;
			sourceTree = "<group>";
		};
		09B3A03129FAC18F007BF934 /* Screens */ = {
			isa = PBXGroup;
			children = (
				0995792C29FA719D00029662 /* LoginView.swift */,
				0995792E29FA733300029662 /* RegistrationView.swift */,
				09F4C0B829FA7FC200081AC4 /* HomeView.swift */,
			);
			path = Screens;
			sourceTree = "<group>";
		};
/* End PBXGroup section */

/* Begin PBXNativeTarget section */
		0995791529FA702900029662 /* NavigationApp */ = {
			isa = PBXNativeTarget;
			buildConfigurationList = 0995792729FA702A00029662 /* Build configuration list for PBXNativeTarget "NavigationApp" */;
			buildPhases = (
				0995791229FA702900029662 /* Sources */,
				0995791329FA702900029662 /* Frameworks */,
				0995791429FA702900029662 /* Resources */,
			);
			buildRules = (
			);
			dependencies = (
			);
			name = NavigationApp;
			packageProductDependencies = (
				09319A052A384FC200856CA5 /* Stinsen */,
				09319A0B2A389C5800856CA5 /* SharedObject */,
			);
			productName = NavigationApp;
			productReference = 0995791629FA702900029662 /* NavigationApp.app */;
			productType = "com.apple.product-type.application";
		};
/* End PBXNativeTarget section */

/* Begin PBXProject section */
		0995790E29FA702900029662 /* Project object */ = {
			isa = PBXProject;
			attributes = {
				BuildIndependentTargetsInParallel = 1;
				LastSwiftUpdateCheck = 1430;
				LastUpgradeCheck = 1430;
				TargetAttributes = {
					0995791529FA702900029662 = {
						CreatedOnToolsVersion = 14.3;
					};
				};
			};
			buildConfigurationList = 0995791129FA702900029662 /* Build configuration list for PBXProject "NavigationApp" */;
			compatibilityVersion = "Xcode 14.0";
			developmentRegion = en;
			hasScannedForEncodings = 0;
			knownRegions = (
				en,
				Base,
			);
			mainGroup = 0995790D29FA702900029662;
			packageReferences = (
				09319A042A384FC200856CA5 /* XCRemoteSwiftPackageReference "stinsen" */,
				09319A0A2A389C5800856CA5 /* XCRemoteSwiftPackageReference "swiftui-shared-object" */,
			);
			productRefGroup = 0995791729FA702900029662 /* Products */;
			projectDirPath = "";
			projectRoot = "";
			targets = (
				0995791529FA702900029662 /* NavigationApp */,
			);
		};
/* End PBXProject section */

/* Begin PBXResourcesBuildPhase section */
		0995791429FA702900029662 /* Resources */ = {
			isa = PBXResourcesBuildPhase;
			buildActionMask = 2147483647;
			files = (
				0995792329FA702A00029662 /* Preview Assets.xcassets in Resources */,
				0995792029FA702A00029662 /* Assets.xcassets in Resources */,
			);
			runOnlyForDeploymentPostprocessing = 0;
		};
/* End PBXResourcesBuildPhase section */

/* Begin PBXSourcesBuildPhase section */
		0995791229FA702900029662 /* Sources */ = {
			isa = PBXSourcesBuildPhase;
			buildActionMask = 2147483647;
			files = (
				096234DA2A52F1B3006B1715 /* PresentationRouter.swift in Sources */,
				09319A182A39D5D600856CA5 /* Coordinator.swift in Sources */,
				096234DC2A52F469006B1715 /* PresentationCoordinatorHelper.swift in Sources */,
				09BD8DA92A012A000066BF6D /* Tree.swift in Sources */,
				0995792D29FA719D00029662 /* LoginView.swift in Sources */,
				096234D82A52F129006B1715 /* PresentationCoordinatorViewWrapper.swift in Sources */,
				09319A152A39D3BC00856CA5 /* NavigationCoordinator.swift in Sources */,
				0995792B29FA70DF00029662 /* AppDelegate.swift in Sources */,
				09319A112A39D31C00856CA5 /* Screen.swift in Sources */,
				0995791A29FA702900029662 /* NavigationApp.swift in Sources */,
				09319A132A39D34D00856CA5 /* Route.swift in Sources */,
				09319A092A3852B500856CA5 /* ArrayExtension.swift in Sources */,
				09B3A03029FAB261007BF934 /* Context.swift in Sources */,
				09319A1B2A39DD5A00856CA5 /* NavigationCoordinatorViewWrapper.swift in Sources */,
				09906A812A0A5A0500F27FB4 /* Routeable.swift in Sources */,
				09319A0F2A39D2E900856CA5 /* RouteType.swift in Sources */,
				09906A7F2A0A59F000F27FB4 /* NavigationCoordinatorHelper.swift in Sources */,
				09D0BA762A4C3C58001C1A1F /* Typealiases.swift in Sources */,
				096234D52A52E9B4006B1715 /* PresentationCoordinator.swift in Sources */,
				09F4C0B929FA7FC200081AC4 /* HomeView.swift in Sources */,
				09906A832A0A5A4500F27FB4 /* NavigationRouter.swift in Sources */,
				0995792F29FA733300029662 /* RegistrationView.swift in Sources */,
			);
			runOnlyForDeploymentPostprocessing = 0;
		};
/* End PBXSourcesBuildPhase section */

/* Begin XCBuildConfiguration section */
		0995792529FA702A00029662 /* Debug */ = {
			isa = XCBuildConfiguration;
			buildSettings = {
				ALWAYS_SEARCH_USER_PATHS = NO;
				CLANG_ANALYZER_NONNULL = YES;
				CLANG_ANALYZER_NUMBER_OBJECT_CONVERSION = YES_AGGRESSIVE;
				CLANG_CXX_LANGUAGE_STANDARD = "gnu++20";
				CLANG_ENABLE_MODULES = YES;
				CLANG_ENABLE_OBJC_ARC = YES;
				CLANG_ENABLE_OBJC_WEAK = YES;
				CLANG_WARN_BLOCK_CAPTURE_AUTORELEASING = YES;
				CLANG_WARN_BOOL_CONVERSION = YES;
				CLANG_WARN_COMMA = YES;
				CLANG_WARN_CONSTANT_CONVERSION = YES;
				CLANG_WARN_DEPRECATED_OBJC_IMPLEMENTATIONS = YES;
				CLANG_WARN_DIRECT_OBJC_ISA_USAGE = YES_ERROR;
				CLANG_WARN_DOCUMENTATION_COMMENTS = YES;
				CLANG_WARN_EMPTY_BODY = YES;
				CLANG_WARN_ENUM_CONVERSION = YES;
				CLANG_WARN_INFINITE_RECURSION = YES;
				CLANG_WARN_INT_CONVERSION = YES;
				CLANG_WARN_NON_LITERAL_NULL_CONVERSION = YES;
				CLANG_WARN_OBJC_IMPLICIT_RETAIN_SELF = YES;
				CLANG_WARN_OBJC_LITERAL_CONVERSION = YES;
				CLANG_WARN_OBJC_ROOT_CLASS = YES_ERROR;
				CLANG_WARN_QUOTED_INCLUDE_IN_FRAMEWORK_HEADER = YES;
				CLANG_WARN_RANGE_LOOP_ANALYSIS = YES;
				CLANG_WARN_STRICT_PROTOTYPES = YES;
				CLANG_WARN_SUSPICIOUS_MOVE = YES;
				CLANG_WARN_UNGUARDED_AVAILABILITY = YES_AGGRESSIVE;
				CLANG_WARN_UNREACHABLE_CODE = YES;
				CLANG_WARN__DUPLICATE_METHOD_MATCH = YES;
				COPY_PHASE_STRIP = NO;
				DEBUG_INFORMATION_FORMAT = dwarf;
				ENABLE_STRICT_OBJC_MSGSEND = YES;
				ENABLE_TESTABILITY = YES;
				GCC_C_LANGUAGE_STANDARD = gnu11;
				GCC_DYNAMIC_NO_PIC = NO;
				GCC_NO_COMMON_BLOCKS = YES;
				GCC_OPTIMIZATION_LEVEL = 0;
				GCC_PREPROCESSOR_DEFINITIONS = (
					"DEBUG=1",
					"$(inherited)",
				);
				GCC_WARN_64_TO_32_BIT_CONVERSION = YES;
				GCC_WARN_ABOUT_RETURN_TYPE = YES_ERROR;
				GCC_WARN_UNDECLARED_SELECTOR = YES;
				GCC_WARN_UNINITIALIZED_AUTOS = YES_AGGRESSIVE;
				GCC_WARN_UNUSED_FUNCTION = YES;
				GCC_WARN_UNUSED_VARIABLE = YES;
				IPHONEOS_DEPLOYMENT_TARGET = 15.5;
				MTL_ENABLE_DEBUG_INFO = INCLUDE_SOURCE;
				MTL_FAST_MATH = YES;
				ONLY_ACTIVE_ARCH = YES;
				SDKROOT = iphoneos;
				SWIFT_ACTIVE_COMPILATION_CONDITIONS = DEBUG;
				SWIFT_OPTIMIZATION_LEVEL = "-Onone";
			};
			name = Debug;
		};
		0995792629FA702A00029662 /* Release */ = {
			isa = XCBuildConfiguration;
			buildSettings = {
				ALWAYS_SEARCH_USER_PATHS = NO;
				CLANG_ANALYZER_NONNULL = YES;
				CLANG_ANALYZER_NUMBER_OBJECT_CONVERSION = YES_AGGRESSIVE;
				CLANG_CXX_LANGUAGE_STANDARD = "gnu++20";
				CLANG_ENABLE_MODULES = YES;
				CLANG_ENABLE_OBJC_ARC = YES;
				CLANG_ENABLE_OBJC_WEAK = YES;
				CLANG_WARN_BLOCK_CAPTURE_AUTORELEASING = YES;
				CLANG_WARN_BOOL_CONVERSION = YES;
				CLANG_WARN_COMMA = YES;
				CLANG_WARN_CONSTANT_CONVERSION = YES;
				CLANG_WARN_DEPRECATED_OBJC_IMPLEMENTATIONS = YES;
				CLANG_WARN_DIRECT_OBJC_ISA_USAGE = YES_ERROR;
				CLANG_WARN_DOCUMENTATION_COMMENTS = YES;
				CLANG_WARN_EMPTY_BODY = YES;
				CLANG_WARN_ENUM_CONVERSION = YES;
				CLANG_WARN_INFINITE_RECURSION = YES;
				CLANG_WARN_INT_CONVERSION = YES;
				CLANG_WARN_NON_LITERAL_NULL_CONVERSION = YES;
				CLANG_WARN_OBJC_IMPLICIT_RETAIN_SELF = YES;
				CLANG_WARN_OBJC_LITERAL_CONVERSION = YES;
				CLANG_WARN_OBJC_ROOT_CLASS = YES_ERROR;
				CLANG_WARN_QUOTED_INCLUDE_IN_FRAMEWORK_HEADER = YES;
				CLANG_WARN_RANGE_LOOP_ANALYSIS = YES;
				CLANG_WARN_STRICT_PROTOTYPES = YES;
				CLANG_WARN_SUSPICIOUS_MOVE = YES;
				CLANG_WARN_UNGUARDED_AVAILABILITY = YES_AGGRESSIVE;
				CLANG_WARN_UNREACHABLE_CODE = YES;
				CLANG_WARN__DUPLICATE_METHOD_MATCH = YES;
				COPY_PHASE_STRIP = NO;
				DEBUG_INFORMATION_FORMAT = "dwarf-with-dsym";
				ENABLE_NS_ASSERTIONS = NO;
				ENABLE_STRICT_OBJC_MSGSEND = YES;
				GCC_C_LANGUAGE_STANDARD = gnu11;
				GCC_NO_COMMON_BLOCKS = YES;
				GCC_WARN_64_TO_32_BIT_CONVERSION = YES;
				GCC_WARN_ABOUT_RETURN_TYPE = YES_ERROR;
				GCC_WARN_UNDECLARED_SELECTOR = YES;
				GCC_WARN_UNINITIALIZED_AUTOS = YES_AGGRESSIVE;
				GCC_WARN_UNUSED_FUNCTION = YES;
				GCC_WARN_UNUSED_VARIABLE = YES;
				IPHONEOS_DEPLOYMENT_TARGET = 15.5;
				MTL_ENABLE_DEBUG_INFO = NO;
				MTL_FAST_MATH = YES;
				SDKROOT = iphoneos;
				SWIFT_COMPILATION_MODE = wholemodule;
				SWIFT_OPTIMIZATION_LEVEL = "-O";
				VALIDATE_PRODUCT = YES;
			};
			name = Release;
		};
		0995792829FA702A00029662 /* Debug */ = {
			isa = XCBuildConfiguration;
			buildSettings = {
				ASSETCATALOG_COMPILER_APPICON_NAME = AppIcon;
				ASSETCATALOG_COMPILER_GLOBAL_ACCENT_COLOR_NAME = AccentColor;
				CODE_SIGN_IDENTITY = "Apple Development";
				CODE_SIGN_STYLE = Automatic;
				CURRENT_PROJECT_VERSION = 1;
				DEVELOPMENT_ASSET_PATHS = "\"NavigationApp/Preview Content\"";
				DEVELOPMENT_TEAM = UXJD8DJ3JM;
				ENABLE_PREVIEWS = YES;
				GENERATE_INFOPLIST_FILE = YES;
				INFOPLIST_FILE = NavigationApp/Info.plist;
				INFOPLIST_KEY_UIApplicationSceneManifest_Generation = YES;
				INFOPLIST_KEY_UIApplicationSupportsIndirectInputEvents = YES;
				INFOPLIST_KEY_UILaunchScreen_Generation = YES;
				INFOPLIST_KEY_UISupportedInterfaceOrientations_iPad = "UIInterfaceOrientationPortrait UIInterfaceOrientationPortraitUpsideDown UIInterfaceOrientationLandscapeLeft UIInterfaceOrientationLandscapeRight";
				INFOPLIST_KEY_UISupportedInterfaceOrientations_iPhone = "UIInterfaceOrientationPortrait UIInterfaceOrientationLandscapeLeft UIInterfaceOrientationLandscapeRight";
				INFOPLIST_KEY_UISupportsDocumentBrowser = YES;
				IPHONEOS_DEPLOYMENT_TARGET = 15.5;
				LD_RUNPATH_SEARCH_PATHS = (
					"$(inherited)",
					"@executable_path/Frameworks",
				);
				MARKETING_VERSION = 1.0;
				PRODUCT_BUNDLE_IDENTIFIER = com.goodrequest.NavigationApp;
				PRODUCT_NAME = "$(TARGET_NAME)";
				PROVISIONING_PROFILE_SPECIFIER = "";
				SWIFT_EMIT_LOC_STRINGS = YES;
				SWIFT_VERSION = 5.0;
				TARGETED_DEVICE_FAMILY = "1,2";
			};
			name = Debug;
		};
		0995792929FA702A00029662 /* Release */ = {
			isa = XCBuildConfiguration;
			buildSettings = {
				ASSETCATALOG_COMPILER_APPICON_NAME = AppIcon;
				ASSETCATALOG_COMPILER_GLOBAL_ACCENT_COLOR_NAME = AccentColor;
				CODE_SIGN_IDENTITY = "Apple Development";
				CODE_SIGN_STYLE = Automatic;
				CURRENT_PROJECT_VERSION = 1;
				DEVELOPMENT_ASSET_PATHS = "\"NavigationApp/Preview Content\"";
				DEVELOPMENT_TEAM = UXJD8DJ3JM;
				ENABLE_PREVIEWS = YES;
				GENERATE_INFOPLIST_FILE = YES;
				INFOPLIST_FILE = NavigationApp/Info.plist;
				INFOPLIST_KEY_UIApplicationSceneManifest_Generation = YES;
				INFOPLIST_KEY_UIApplicationSupportsIndirectInputEvents = YES;
				INFOPLIST_KEY_UILaunchScreen_Generation = YES;
				INFOPLIST_KEY_UISupportedInterfaceOrientations_iPad = "UIInterfaceOrientationPortrait UIInterfaceOrientationPortraitUpsideDown UIInterfaceOrientationLandscapeLeft UIInterfaceOrientationLandscapeRight";
				INFOPLIST_KEY_UISupportedInterfaceOrientations_iPhone = "UIInterfaceOrientationPortrait UIInterfaceOrientationLandscapeLeft UIInterfaceOrientationLandscapeRight";
				INFOPLIST_KEY_UISupportsDocumentBrowser = YES;
				IPHONEOS_DEPLOYMENT_TARGET = 15.5;
				LD_RUNPATH_SEARCH_PATHS = (
					"$(inherited)",
					"@executable_path/Frameworks",
				);
				MARKETING_VERSION = 1.0;
				PRODUCT_BUNDLE_IDENTIFIER = com.goodrequest.NavigationApp;
				PRODUCT_NAME = "$(TARGET_NAME)";
				PROVISIONING_PROFILE_SPECIFIER = "";
				SWIFT_EMIT_LOC_STRINGS = YES;
				SWIFT_VERSION = 5.0;
				TARGETED_DEVICE_FAMILY = "1,2";
			};
			name = Release;
		};
/* End XCBuildConfiguration section */

/* Begin XCConfigurationList section */
		0995791129FA702900029662 /* Build configuration list for PBXProject "NavigationApp" */ = {
			isa = XCConfigurationList;
			buildConfigurations = (
				0995792529FA702A00029662 /* Debug */,
				0995792629FA702A00029662 /* Release */,
			);
			defaultConfigurationIsVisible = 0;
			defaultConfigurationName = Release;
		};
		0995792729FA702A00029662 /* Build configuration list for PBXNativeTarget "NavigationApp" */ = {
			isa = XCConfigurationList;
			buildConfigurations = (
				0995792829FA702A00029662 /* Debug */,
				0995792929FA702A00029662 /* Release */,
			);
			defaultConfigurationIsVisible = 0;
			defaultConfigurationName = Release;
		};
/* End XCConfigurationList section */

/* Begin XCRemoteSwiftPackageReference section */
		09319A042A384FC200856CA5 /* XCRemoteSwiftPackageReference "stinsen" */ = {
			isa = XCRemoteSwiftPackageReference;
			repositoryURL = "https://github.com/rundfunk47/stinsen";
			requirement = {
				kind = upToNextMajorVersion;
				minimumVersion = 2.0.0;
			};
		};
		09319A0A2A389C5800856CA5 /* XCRemoteSwiftPackageReference "swiftui-shared-object" */ = {
			isa = XCRemoteSwiftPackageReference;
			repositoryURL = "https://github.com/lorenzofiamingo/swiftui-shared-object.git";
			requirement = {
				kind = upToNextMajorVersion;
				minimumVersion = 2.0.0;
			};
		};
/* End XCRemoteSwiftPackageReference section */

/* Begin XCSwiftPackageProductDependency section */
		09319A052A384FC200856CA5 /* Stinsen */ = {
			isa = XCSwiftPackageProductDependency;
			package = 09319A042A384FC200856CA5 /* XCRemoteSwiftPackageReference "stinsen" */;
			productName = Stinsen;
		};
		09319A0B2A389C5800856CA5 /* SharedObject */ = {
			isa = XCSwiftPackageProductDependency;
			package = 09319A0A2A389C5800856CA5 /* XCRemoteSwiftPackageReference "swiftui-shared-object" */;
			productName = SharedObject;
		};
/* End XCSwiftPackageProductDependency section */
	};
	rootObject = 0995790E29FA702900029662 /* Project object */;
}
