{
  "pins" : [
    {
      "identity" : "swiftui-shared-object",
      "kind" : "remoteSourceControl",
      "location" : "https://github.com/lorenzofiamingo/swiftui-shared-object.git",
      "state" : {
        "revision" : "487a922254f669fb2f69ec8816694afc7e596bba",
        "version" : "2.0.0"
      }
    }
  ],
  "version" : 2
}
